
Microsoft Visual Studio Solution File, Format Version 12.00
# Visual Studio Version 16
VisualStudioVersion = 16.0.31829.152
MinimumVisualStudioVersion = 10.0.40219.1
Project("{FAE04EC0-301F-11D3-BF4B-00C04F79EFBC}") = "TestCharacter", "TestCharacter\TestCharacter.csproj", "{390CB2DB-8BA3-43FF-A1E3-4839481C2A6E}"
EndProject
Project("{FAE04EC0-301F-11D3-BF4B-00C04F79EFBC}") = "CombatCharacterLibrary", "CombatCharacterLibrary\CombatCharacterLibrary.csproj", "{9DA9ABA2-564E-45F8-BFB0-A8F04870121E}"
EndProject
Global
	GlobalSection(SolutionConfigurationPlatforms) = preSolution
		Debug|Any CPU = Debug|Any CPU
		Release|Any CPU = Release|Any CPU
	EndGlobalSection
	GlobalSection(ProjectConfigurationPlatforms) = postSolution
		{390CB2DB-8BA3-43FF-A1E3-4839481C2A6E}.Debug|Any CPU.ActiveCfg = Debug|Any CPU
		{390CB2DB-8BA3-43FF-A1E3-4839481C2A6E}.Debug|Any CPU.Build.0 = Debug|Any CPU
		{390CB2DB-8BA3-43FF-A1E3-4839481C2A6E}.Release|Any CPU.ActiveCfg = Release|Any CPU
		{390CB2DB-8BA3-43FF-A1E3-4839481C2A6E}.Release|Any CPU.Build.0 = Release|Any CPU
		{9DA9ABA2-564E-45F8-BFB0-A8F04870121E}.Debug|Any CPU.ActiveCfg = Debug|Any CPU
		{9DA9ABA2-564E-45F8-BFB0-A8F04870121E}.Debug|Any CPU.Build.0 = Debug|Any CPU
		{9DA9ABA2-564E-45F8-BFB0-A8F04870121E}.Release|Any CPU.ActiveCfg = Release|Any CPU
		{9DA9ABA2-564E-45F8-BFB0-A8F04870121E}.Release|Any CPU.Build.0 = Release|Any CPU
	EndGlobalSection
	GlobalSection(SolutionProperties) = preSolution
		HideSolutionNode = FALSE
	EndGlobalSection
	GlobalSection(ExtensibilityGlobals) = postSolution
		SolutionGuid = {A0A0A835-2FB3-401B-9A04-53FF479CEDED}
	EndGlobalSection
EndGlobal
